
Microsoft Visual Studio Solution File, Format Version 12.00
# Visual Studio Version 16
VisualStudioVersion = 16.0.30523.141
MinimumVisualStudioVersion = 10.0.40219.1
Project("{FAE04EC0-301F-11D3-BF4B-00C04F79EFBC}") = "PhoneBook.Data", "PhoneBook.Data\PhoneBook.Data.csproj", "{A508F5D3-C446-4EC1-81E1-3B4242CBA5C7}"
EndProject
Project("{FAE04EC0-301F-11D3-BF4B-00C04F79EFBC}") = "PhoneBook.ServicePlatform", "PhoneBook.ServicePlatform\PhoneBook.ServicePlatform.csproj", "{B2B7CA39-CB0A-4483-9965-BC5FE7D82C9E}"
EndProject
Project("{FAE04EC0-301F-11D3-BF4B-00C04F79EFBC}") = "PhoneBook.Domain", "PhoneBook.Domain\PhoneBook.Domain.csproj", "{B9038059-5736-452F-8429-578560DF63D9}"
EndProject
Project("{FAE04EC0-301F-11D3-BF4B-00C04F79EFBC}") = "PhoneBook.BusinessLibrary", "PhoneBook.BusinessLibrary\PhoneBook.BusinessLibrary.csproj", "{6F48C916-CEFD-4D68-A38E-862E9076B7C7}"
EndProject
Project("{FAE04EC0-301F-11D3-BF4B-00C04F79EFBC}") = "PhoneBook.WebPlatform", "PhoneBook.WebPlatform\PhoneBook.WebPlatform.csproj", "{30BA2BBB-A4E2-4429-A886-97AEBBFAE459}"
EndProject
Global
	GlobalSection(SolutionConfigurationPlatforms) = preSolution
		Debug|Any CPU = Debug|Any CPU
		Release|Any CPU = Release|Any CPU
	EndGlobalSection
	GlobalSection(ProjectConfigurationPlatforms) = postSolution
		{A508F5D3-C446-4EC1-81E1-3B4242CBA5C7}.Debug|Any CPU.ActiveCfg = Debug|Any CPU
		{A508F5D3-C446-4EC1-81E1-3B4242CBA5C7}.Debug|Any CPU.Build.0 = Debug|Any CPU
		{A508F5D3-C446-4EC1-81E1-3B4242CBA5C7}.Release|Any CPU.ActiveCfg = Release|Any CPU
		{A508F5D3-C446-4EC1-81E1-3B4242CBA5C7}.Release|Any CPU.Build.0 = Release|Any CPU
		{B2B7CA39-CB0A-4483-9965-BC5FE7D82C9E}.Debug|Any CPU.ActiveCfg = Debug|Any CPU
		{B2B7CA39-CB0A-4483-9965-BC5FE7D82C9E}.Debug|Any CPU.Build.0 = Debug|Any CPU
		{B2B7CA39-CB0A-4483-9965-BC5FE7D82C9E}.Release|Any CPU.ActiveCfg = Release|Any CPU
		{B2B7CA39-CB0A-4483-9965-BC5FE7D82C9E}.Release|Any CPU.Build.0 = Release|Any CPU
		{B9038059-5736-452F-8429-578560DF63D9}.Debug|Any CPU.ActiveCfg = Debug|Any CPU
		{B9038059-5736-452F-8429-578560DF63D9}.Debug|Any CPU.Build.0 = Debug|Any CPU
		{B9038059-5736-452F-8429-578560DF63D9}.Release|Any CPU.ActiveCfg = Release|Any CPU
		{B9038059-5736-452F-8429-578560DF63D9}.Release|Any CPU.Build.0 = Release|Any CPU
		{6F48C916-CEFD-4D68-A38E-862E9076B7C7}.Debug|Any CPU.ActiveCfg = Debug|Any CPU
		{6F48C916-CEFD-4D68-A38E-862E9076B7C7}.Debug|Any CPU.Build.0 = Debug|Any CPU
		{6F48C916-CEFD-4D68-A38E-862E9076B7C7}.Release|Any CPU.ActiveCfg = Release|Any CPU
		{6F48C916-CEFD-4D68-A38E-862E9076B7C7}.Release|Any CPU.Build.0 = Release|Any CPU
		{30BA2BBB-A4E2-4429-A886-97AEBBFAE459}.Debug|Any CPU.ActiveCfg = Debug|Any CPU
		{30BA2BBB-A4E2-4429-A886-97AEBBFAE459}.Debug|Any CPU.Build.0 = Debug|Any CPU
		{30BA2BBB-A4E2-4429-A886-97AEBBFAE459}.Release|Any CPU.ActiveCfg = Release|Any CPU
		{30BA2BBB-A4E2-4429-A886-97AEBBFAE459}.Release|Any CPU.Build.0 = Release|Any CPU
	EndGlobalSection
	GlobalSection(SolutionProperties) = preSolution
		HideSolutionNode = FALSE
	EndGlobalSection
	GlobalSection(ExtensibilityGlobals) = postSolution
		SolutionGuid = {08440204-2B47-43E9-8250-CDF5E236F93C}
	EndGlobalSection
EndGlobal
